// !$*UTF8*$!
{
	archiveVersion = 1;
	classes = {
	};
	objectVersion = 48;
	objects = {

/* Begin PBXBuildFile section */
		1879DA522017647600B72814 /* AppDelegate.m in Sources */ = {isa = PBXBuildFile; fileRef = 1879DA512017647600B72814 /* AppDelegate.m */; };
		1879DA5B2017647600B72814 /* Yueyue.xcdatamodeld in Sources */ = {isa = PBXBuildFile; fileRef = 1879DA592017647600B72814 /* Yueyue.xcdatamodeld */; };
		1879DA5D2017647600B72814 /* Assets.xcassets in Resources */ = {isa = PBXBuildFile; fileRef = 1879DA5C2017647600B72814 /* Assets.xcassets */; };
		1879DA602017647600B72814 /* LaunchScreen.storyboard in Resources */ = {isa = PBXBuildFile; fileRef = 1879DA5E2017647600B72814 /* LaunchScreen.storyboard */; };
		1879DA632017647600B72814 /* main.m in Sources */ = {isa = PBXBuildFile; fileRef = 1879DA622017647600B72814 /* main.m */; };
		1879DA6D2017647600B72814 /* YueyueTests.m in Sources */ = {isa = PBXBuildFile; fileRef = 1879DA6C2017647600B72814 /* YueyueTests.m */; };
		1879DA782017647600B72814 /* YueyueUITests.m in Sources */ = {isa = PBXBuildFile; fileRef = 1879DA772017647600B72814 /* YueyueUITests.m */; };
		1879DA872017649900B72814 /* MainViewController.m in Sources */ = {isa = PBXBuildFile; fileRef = 1879DA862017649900B72814 /* MainViewController.m */; };
		1879DA8A201766FF00B72814 /* MainCell.m in Sources */ = {isa = PBXBuildFile; fileRef = 1879DA89201766FF00B72814 /* MainCell.m */; };
		1879DA8D20176C2700B72814 /* MainCollectionCell.m in Sources */ = {isa = PBXBuildFile; fileRef = 1879DA8C20176C2700B72814 /* MainCollectionCell.m */; };
		1879DA9020189CAC00B72814 /* PracticeResultController.m in Sources */ = {isa = PBXBuildFile; fileRef = 1879DA8F20189CAC00B72814 /* PracticeResultController.m */; };
		1879DA9420189FFC00B72814 /* PractiseTopCell.m in Sources */ = {isa = PBXBuildFile; fileRef = 1879DA9320189FFC00B72814 /* PractiseTopCell.m */; };
		18A153D92018BC5C0003BFED /* PractiseMidCell.m in Sources */ = {isa = PBXBuildFile; fileRef = 18A153D82018BC5C0003BFED /* PractiseMidCell.m */; };
		18A153DC2018C27E0003BFED /* PractiseDetailBtnCell.m in Sources */ = {isa = PBXBuildFile; fileRef = 18A153DB2018C27E0003BFED /* PractiseDetailBtnCell.m */; };
		18A153DF2018D70B0003BFED /* UIView+Frame.m in Sources */ = {isa = PBXBuildFile; fileRef = 18A153DD2018D70B0003BFED /* UIView+Frame.m */; };
		AF7708B7855A55CC37BA84F5 /* libPods-Yueyue.a in Frameworks */ = {isa = PBXBuildFile; fileRef = 2439BF1595258CCC088EF43C /* libPods-Yueyue.a */; };
/* End PBXBuildFile section */

/* Begin PBXContainerItemProxy section */
		1879DA692017647600B72814 /* PBXContainerItemProxy */ = {
			isa = PBXContainerItemProxy;
			containerPortal = 1879DA452017647600B72814 /* Project object */;
			proxyType = 1;
			remoteGlobalIDString = 1879DA4C2017647600B72814;
			remoteInfo = Yueyue;
		};
		1879DA742017647600B72814 /* PBXContainerItemProxy */ = {
			isa = PBXContainerItemProxy;
			containerPortal = 1879DA452017647600B72814 /* Project object */;
			proxyType = 1;
			remoteGlobalIDString = 1879DA4C2017647600B72814;
			remoteInfo = Yueyue;
		};
/* End PBXContainerItemProxy section */

/* Begin PBXFileReference section */
		1879DA4D2017647600B72814 /* Yueyue.app */ = {isa = PBXFileReference; explicitFileType = wrapper.application; includeInIndex = 0; path = Yueyue.app; sourceTree = BUILT_PRODUCTS_DIR; };
		1879DA502017647600B72814 /* AppDelegate.h */ = {isa = PBXFileReference; lastKnownFileType = sourcecode.c.h; path = AppDelegate.h; sourceTree = "<group>"; };
		1879DA512017647600B72814 /* AppDelegate.m */ = {isa = PBXFileReference; lastKnownFileType = sourcecode.c.objc; path = AppDelegate.m; sourceTree = "<group>"; };
		1879DA5A2017647600B72814 /* Yueyue.xcdatamodel */ = {isa = PBXFileReference; lastKnownFileType = wrapper.xcdatamodel; path = Yueyue.xcdatamodel; sourceTree = "<group>"; };
		1879DA5C2017647600B72814 /* Assets.xcassets */ = {isa = PBXFileReference; lastKnownFileType = folder.assetcatalog; path = Assets.xcassets; sourceTree = "<group>"; };
		1879DA5F2017647600B72814 /* Base */ = {isa = PBXFileReference; lastKnownFileType = file.storyboard; name = Base; path = Base.lproj/LaunchScreen.storyboard; sourceTree = "<group>"; };
		1879DA612017647600B72814 /* Info.plist */ = {isa = PBXFileReference; lastKnownFileType = text.plist.xml; path = Info.plist; sourceTree = "<group>"; };
		1879DA622017647600B72814 /* main.m */ = {isa = PBXFileReference; lastKnownFileType = sourcecode.c.objc; path = main.m; sourceTree = "<group>"; };
		1879DA682017647600B72814 /* YueyueTests.xctest */ = {isa = PBXFileReference; explicitFileType = wrapper.cfbundle; includeInIndex = 0; path = YueyueTests.xctest; sourceTree = BUILT_PRODUCTS_DIR; };
		1879DA6C2017647600B72814 /* YueyueTests.m */ = {isa = PBXFileReference; lastKnownFileType = sourcecode.c.objc; path = YueyueTests.m; sourceTree = "<group>"; };
		1879DA6E2017647600B72814 /* Info.plist */ = {isa = PBXFileReference; lastKnownFileType = text.plist.xml; path = Info.plist; sourceTree = "<group>"; };
		1879DA732017647600B72814 /* YueyueUITests.xctest */ = {isa = PBXFileReference; explicitFileType = wrapper.cfbundle; includeInIndex = 0; path = YueyueUITests.xctest; sourceTree = BUILT_PRODUCTS_DIR; };
		1879DA772017647600B72814 /* YueyueUITests.m */ = {isa = PBXFileReference; lastKnownFileType = sourcecode.c.objc; path = YueyueUITests.m; sourceTree = "<group>"; };
		1879DA792017647600B72814 /* Info.plist */ = {isa = PBXFileReference; lastKnownFileType = text.plist.xml; path = Info.plist; sourceTree = "<group>"; };
		1879DA852017649900B72814 /* MainViewController.h */ = {isa = PBXFileReference; lastKnownFileType = sourcecode.c.h; path = MainViewController.h; sourceTree = "<group>"; };
		1879DA862017649900B72814 /* MainViewController.m */ = {isa = PBXFileReference; lastKnownFileType = sourcecode.c.objc; path = MainViewController.m; sourceTree = "<group>"; };
		1879DA88201766FF00B72814 /* MainCell.h */ = {isa = PBXFileReference; lastKnownFileType = sourcecode.c.h; path = MainCell.h; sourceTree = "<group>"; };
		1879DA89201766FF00B72814 /* MainCell.m */ = {isa = PBXFileReference; lastKnownFileType = sourcecode.c.objc; path = MainCell.m; sourceTree = "<group>"; };
		1879DA8B20176C2700B72814 /* MainCollectionCell.h */ = {isa = PBXFileReference; lastKnownFileType = sourcecode.c.h; path = MainCollectionCell.h; sourceTree = "<group>"; };
		1879DA8C20176C2700B72814 /* MainCollectionCell.m */ = {isa = PBXFileReference; lastKnownFileType = sourcecode.c.objc; path = MainCollectionCell.m; sourceTree = "<group>"; };
		1879DA8E20189CAC00B72814 /* PracticeResultController.h */ = {isa = PBXFileReference; lastKnownFileType = sourcecode.c.h; path = PracticeResultController.h; sourceTree = "<group>"; };
		1879DA8F20189CAC00B72814 /* PracticeResultController.m */ = {isa = PBXFileReference; lastKnownFileType = sourcecode.c.objc; path = PracticeResultController.m; sourceTree = "<group>"; };
		1879DA9220189FFC00B72814 /* PractiseTopCell.h */ = {isa = PBXFileReference; lastKnownFileType = sourcecode.c.h; path = PractiseTopCell.h; sourceTree = "<group>"; };
		1879DA9320189FFC00B72814 /* PractiseTopCell.m */ = {isa = PBXFileReference; lastKnownFileType = sourcecode.c.objc; path = PractiseTopCell.m; sourceTree = "<group>"; };
		18A153D72018BC5C0003BFED /* PractiseMidCell.h */ = {isa = PBXFileReference; lastKnownFileType = sourcecode.c.h; path = PractiseMidCell.h; sourceTree = "<group>"; };
		18A153D82018BC5C0003BFED /* PractiseMidCell.m */ = {isa = PBXFileReference; lastKnownFileType = sourcecode.c.objc; path = PractiseMidCell.m; sourceTree = "<group>"; };
		18A153DA2018C27E0003BFED /* PractiseDetailBtnCell.h */ = {isa = PBXFileReference; lastKnownFileType = sourcecode.c.h; path = PractiseDetailBtnCell.h; sourceTree = "<group>"; };
		18A153DB2018C27E0003BFED /* PractiseDetailBtnCell.m */ = {isa = PBXFileReference; lastKnownFileType = sourcecode.c.objc; path = PractiseDetailBtnCell.m; sourceTree = "<group>"; };
		18A153DD2018D70B0003BFED /* UIView+Frame.m */ = {isa = PBXFileReference; fileEncoding = 4; lastKnownFileType = sourcecode.c.objc; path = "UIView+Frame.m"; sourceTree = "<group>"; };
		18A153DE2018D70B0003BFED /* UIView+Frame.h */ = {isa = PBXFileReference; fileEncoding = 4; lastKnownFileType = sourcecode.c.h; path = "UIView+Frame.h"; sourceTree = "<group>"; };
		2439BF1595258CCC088EF43C /* libPods-Yueyue.a */ = {isa = PBXFileReference; explicitFileType = archive.ar; includeInIndex = 0; path = "libPods-Yueyue.a"; sourceTree = BUILT_PRODUCTS_DIR; };
		2E37F3295F241233DCB94F0D /* Pods-Yueyue.debug.xcconfig */ = {isa = PBXFileReference; includeInIndex = 1; lastKnownFileType = text.xcconfig; name = "Pods-Yueyue.debug.xcconfig"; path = "Pods/Target Support Files/Pods-Yueyue/Pods-Yueyue.debug.xcconfig"; sourceTree = "<group>"; };
		CA2A1DA895096E4B18BA5E6F /* Pods-Yueyue.release.xcconfig */ = {isa = PBXFileReference; includeInIndex = 1; lastKnownFileType = text.xcconfig; name = "Pods-Yueyue.release.xcconfig"; path = "Pods/Target Support Files/Pods-Yueyue/Pods-Yueyue.release.xcconfig"; sourceTree = "<group>"; };
/* End PBXFileReference section */

/* Begin PBXFrameworksBuildPhase section */
		1879DA4A2017647600B72814 /* Frameworks */ = {
			isa = PBXFrameworksBuildPhase;
			buildActionMask = 2147483647;
			files = (
				AF7708B7855A55CC37BA84F5 /* libPods-Yueyue.a in Frameworks */,
			);
			runOnlyForDeploymentPostprocessing = 0;
		};
		1879DA652017647600B72814 /* Frameworks */ = {
			isa = PBXFrameworksBuildPhase;
			buildActionMask = 2147483647;
			files = (
			);
			runOnlyForDeploymentPostprocessing = 0;
		};
		1879DA702017647600B72814 /* Frameworks */ = {
			isa = PBXFrameworksBuildPhase;
			buildActionMask = 2147483647;
			files = (
			);
			runOnlyForDeploymentPostprocessing = 0;
		};
/* End PBXFrameworksBuildPhase section */

/* Begin PBXGroup section */
		1879DA442017647600B72814 = {
			isa = PBXGroup;
			children = (
				1879DA4F2017647600B72814 /* Yueyue */,
				1879DA6B2017647600B72814 /* YueyueTests */,
				1879DA762017647600B72814 /* YueyueUITests */,
				1879DA4E2017647600B72814 /* Products */,
				613DB829101031947F3D0434 /* Pods */,
				4C6DB9BCE7EF0545010330C7 /* Frameworks */,
			);
			sourceTree = "<group>";
		};
		1879DA4E2017647600B72814 /* Products */ = {
			isa = PBXGroup;
			children = (
				1879DA4D2017647600B72814 /* Yueyue.app */,
				1879DA682017647600B72814 /* YueyueTests.xctest */,
				1879DA732017647600B72814 /* YueyueUITests.xctest */,
			);
			name = Products;
			sourceTree = "<group>";
		};
		1879DA4F2017647600B72814 /* Yueyue */ = {
			isa = PBXGroup;
			children = (
				1879DA9120189D1600B72814 /* 练习情况 */,
				1879DA502017647600B72814 /* AppDelegate.h */,
				1879DA512017647600B72814 /* AppDelegate.m */,
				1879DA852017649900B72814 /* MainViewController.h */,
				1879DA862017649900B72814 /* MainViewController.m */,
				1879DA88201766FF00B72814 /* MainCell.h */,
				1879DA89201766FF00B72814 /* MainCell.m */,
				1879DA8B20176C2700B72814 /* MainCollectionCell.h */,
				1879DA8C20176C2700B72814 /* MainCollectionCell.m */,
				18A153DE2018D70B0003BFED /* UIView+Frame.h */,
				18A153DD2018D70B0003BFED /* UIView+Frame.m */,
				1879DA5C2017647600B72814 /* Assets.xcassets */,
				1879DA5E2017647600B72814 /* LaunchScreen.storyboard */,
				1879DA612017647600B72814 /* Info.plist */,
				1879DA622017647600B72814 /* main.m */,
				1879DA592017647600B72814 /* Yueyue.xcdatamodeld */,
			);
			path = Yueyue;
			sourceTree = "<group>";
		};
		1879DA6B2017647600B72814 /* YueyueTests */ = {
			isa = PBXGroup;
			children = (
				1879DA6C2017647600B72814 /* YueyueTests.m */,
				1879DA6E2017647600B72814 /* Info.plist */,
			);
			path = YueyueTests;
			sourceTree = "<group>";
		};
		1879DA762017647600B72814 /* YueyueUITests */ = {
			isa = PBXGroup;
			children = (
				1879DA772017647600B72814 /* YueyueUITests.m */,
				1879DA792017647600B72814 /* Info.plist */,
			);
			path = YueyueUITests;
			sourceTree = "<group>";
		};
		1879DA9120189D1600B72814 /* 练习情况 */ = {
			isa = PBXGroup;
			children = (
				1879DA8E20189CAC00B72814 /* PracticeResultController.h */,
				1879DA8F20189CAC00B72814 /* PracticeResultController.m */,
				1879DA9220189FFC00B72814 /* PractiseTopCell.h */,
				1879DA9320189FFC00B72814 /* PractiseTopCell.m */,
				18A153D72018BC5C0003BFED /* PractiseMidCell.h */,
				18A153D82018BC5C0003BFED /* PractiseMidCell.m */,
				18A153DA2018C27E0003BFED /* PractiseDetailBtnCell.h */,
				18A153DB2018C27E0003BFED /* PractiseDetailBtnCell.m */,
			);
			path = "练习情况";
			sourceTree = "<group>";
		};
		4C6DB9BCE7EF0545010330C7 /* Frameworks */ = {
			isa = PBXGroup;
			children = (
				2439BF1595258CCC088EF43C /* libPods-Yueyue.a */,
			);
			name = Frameworks;
			sourceTree = "<group>";
		};
		613DB829101031947F3D0434 /* Pods */ = {
			isa = PBXGroup;
			children = (
				2E37F3295F241233DCB94F0D /* Pods-Yueyue.debug.xcconfig */,
				CA2A1DA895096E4B18BA5E6F /* Pods-Yueyue.release.xcconfig */,
			);
			name = Pods;
			sourceTree = "<group>";
		};
/* End PBXGroup section */

/* Begin PBXNativeTarget section */
		1879DA4C2017647600B72814 /* Yueyue */ = {
			isa = PBXNativeTarget;
			buildConfigurationList = 1879DA7C2017647600B72814 /* Build configuration list for PBXNativeTarget "Yueyue" */;
			buildPhases = (
				68B8C4593B9966B81A4127CC /* [CP] Check Pods Manifest.lock */,
				1879DA492017647600B72814 /* Sources */,
				1879DA4A2017647600B72814 /* Frameworks */,
				1879DA4B2017647600B72814 /* Resources */,
				98212907D49225009E78F38E /* [CP] Embed Pods Frameworks */,
				552DA816BC7CFD9FD013E5B9 /* [CP] Copy Pods Resources */,
			);
			buildRules = (
			);
			dependencies = (
			);
			name = Yueyue;
			productName = Yueyue;
			productReference = 1879DA4D2017647600B72814 /* Yueyue.app */;
			productType = "com.apple.product-type.application";
		};
		1879DA672017647600B72814 /* YueyueTests */ = {
			isa = PBXNativeTarget;
			buildConfigurationList = 1879DA7F2017647600B72814 /* Build configuration list for PBXNativeTarget "YueyueTests" */;
			buildPhases = (
				1879DA642017647600B72814 /* Sources */,
				1879DA652017647600B72814 /* Frameworks */,
				1879DA662017647600B72814 /* Resources */,
			);
			buildRules = (
			);
			dependencies = (
				1879DA6A2017647600B72814 /* PBXTargetDependency */,
			);
			name = YueyueTests;
			productName = YueyueTests;
			productReference = 1879DA682017647600B72814 /* YueyueTests.xctest */;
			productType = "com.apple.product-type.bundle.unit-test";
		};
		1879DA722017647600B72814 /* YueyueUITests */ = {
			isa = PBXNativeTarget;
			buildConfigurationList = 1879DA822017647600B72814 /* Build configuration list for PBXNativeTarget "YueyueUITests" */;
			buildPhases = (
				1879DA6F2017647600B72814 /* Sources */,
				1879DA702017647600B72814 /* Frameworks */,
				1879DA712017647600B72814 /* Resources */,
			);
			buildRules = (
			);
			dependencies = (
				1879DA752017647600B72814 /* PBXTargetDependency */,
			);
			name = YueyueUITests;
			productName = YueyueUITests;
			productReference = 1879DA732017647600B72814 /* YueyueUITests.xctest */;
			productType = "com.apple.product-type.bundle.ui-testing";
		};
/* End PBXNativeTarget section */

/* Begin PBXProject section */
		1879DA452017647600B72814 /* Project object */ = {
			isa = PBXProject;
			attributes = {
				LastUpgradeCheck = 0920;
				ORGANIZATIONNAME = guilin;
				TargetAttributes = {
					1879DA4C2017647600B72814 = {
						CreatedOnToolsVersion = 9.2;
						ProvisioningStyle = Automatic;
					};
					1879DA672017647600B72814 = {
						CreatedOnToolsVersion = 9.2;
						ProvisioningStyle = Automatic;
						TestTargetID = 1879DA4C2017647600B72814;
					};
					1879DA722017647600B72814 = {
						CreatedOnToolsVersion = 9.2;
						ProvisioningStyle = Automatic;
						TestTargetID = 1879DA4C2017647600B72814;
					};
				};
			};
			buildConfigurationList = 1879DA482017647600B72814 /* Build configuration list for PBXProject "Yueyue" */;
			compatibilityVersion = "Xcode 8.0";
			developmentRegion = en;
			hasScannedForEncodings = 0;
			knownRegions = (
				en,
				Base,
			);
			mainGroup = 1879DA442017647600B72814;
			productRefGroup = 1879DA4E2017647600B72814 /* Products */;
			projectDirPath = "";
			projectRoot = "";
			targets = (
				1879DA4C2017647600B72814 /* Yueyue */,
				1879DA672017647600B72814 /* YueyueTests */,
				1879DA722017647600B72814 /* YueyueUITests */,
			);
		};
/* End PBXProject section */

/* Begin PBXResourcesBuildPhase section */
		1879DA4B2017647600B72814 /* Resources */ = {
			isa = PBXResourcesBuildPhase;
			buildActionMask = 2147483647;
			files = (
				1879DA602017647600B72814 /* LaunchScreen.storyboard in Resources */,
				1879DA5D2017647600B72814 /* Assets.xcassets in Resources */,
			);
			runOnlyForDeploymentPostprocessing = 0;
		};
		1879DA662017647600B72814 /* Resources */ = {
			isa = PBXResourcesBuildPhase;
			buildActionMask = 2147483647;
			files = (
			);
			runOnlyForDeploymentPostprocessing = 0;
		};
		1879DA712017647600B72814 /* Resources */ = {
			isa = PBXResourcesBuildPhase;
			buildActionMask = 2147483647;
			files = (
			);
			runOnlyForDeploymentPostprocessing = 0;
		};
/* End PBXResourcesBuildPhase section */

/* Begin PBXShellScriptBuildPhase section */
		552DA816BC7CFD9FD013E5B9 /* [CP] Copy Pods Resources */ = {
			isa = PBXShellScriptBuildPhase;
			buildActionMask = 2147483647;
			files = (
			);
			inputPaths = (
			);
			name = "[CP] Copy Pods Resources";
			outputPaths = (
			);
			runOnlyForDeploymentPostprocessing = 0;
			shellPath = /bin/sh;
			shellScript = "\"${SRCROOT}/Pods/Target Support Files/Pods-Yueyue/Pods-Yueyue-resources.sh\"\n";
			showEnvVarsInLog = 0;
		};
		68B8C4593B9966B81A4127CC /* [CP] Check Pods Manifest.lock */ = {
			isa = PBXShellScriptBuildPhase;
			buildActionMask = 2147483647;
			files = (
			);
			inputPaths = (
			);
			name = "[CP] Check Pods Manifest.lock";
			outputPaths = (
			);
			runOnlyForDeploymentPostprocessing = 0;
			shellPath = /bin/sh;
			shellScript = "diff \"${PODS_PODFILE_DIR_PATH}/Podfile.lock\" \"${PODS_ROOT}/Manifest.lock\" > /dev/null\nif [ $? != 0 ] ; then\n    # print error to STDERR\n    echo \"error: The sandbox is not in sync with the Podfile.lock. Run 'pod install' or update your CocoaPods installation.\" >&2\n    exit 1\nfi\n";
			showEnvVarsInLog = 0;
		};
		98212907D49225009E78F38E /* [CP] Embed Pods Frameworks */ = {
			isa = PBXShellScriptBuildPhase;
			buildActionMask = 2147483647;
			files = (
			);
			inputPaths = (
			);
			name = "[CP] Embed Pods Frameworks";
			outputPaths = (
			);
			runOnlyForDeploymentPostprocessing = 0;
			shellPath = /bin/sh;
			shellScript = "\"${SRCROOT}/Pods/Target Support Files/Pods-Yueyue/Pods-Yueyue-frameworks.sh\"\n";
			showEnvVarsInLog = 0;
		};
/* End PBXShellScriptBuildPhase section */

/* Begin PBXSourcesBuildPhase section */
		1879DA492017647600B72814 /* Sources */ = {
			isa = PBXSourcesBuildPhase;
			buildActionMask = 2147483647;
			files = (
				1879DA8A201766FF00B72814 /* MainCell.m in Sources */,
				1879DA5B2017647600B72814 /* Yueyue.xcdatamodeld in Sources */,
				1879DA9420189FFC00B72814 /* PractiseTopCell.m in Sources */,
				1879DA8D20176C2700B72814 /* MainCollectionCell.m in Sources */,
				1879DA632017647600B72814 /* main.m in Sources */,
				18A153D92018BC5C0003BFED /* PractiseMidCell.m in Sources */,
				18A153DC2018C27E0003BFED /* PractiseDetailBtnCell.m in Sources */,
				1879DA522017647600B72814 /* AppDelegate.m in Sources */,
				1879DA9020189CAC00B72814 /* PracticeResultController.m in Sources */,
				1879DA872017649900B72814 /* MainViewController.m in Sources */,
				18A153DF2018D70B0003BFED /* UIView+Frame.m in Sources */,
			);
			runOnlyForDeploymentPostprocessing = 0;
		};
		1879DA642017647600B72814 /* Sources */ = {
			isa = PBXSourcesBuildPhase;
			buildActionMask = 2147483647;
			files = (
				1879DA6D2017647600B72814 /* YueyueTests.m in Sources */,
			);
			runOnlyForDeploymentPostprocessing = 0;
		};
		1879DA6F2017647600B72814 /* Sources */ = {
			isa = PBXSourcesBuildPhase;
			buildActionMask = 2147483647;
			files = (
				1879DA782017647600B72814 /* YueyueUITests.m in Sources */,
			);
			runOnlyForDeploymentPostprocessing = 0;
		};
/* End PBXSourcesBuildPhase section */

/* Begin PBXTargetDependency section */
		1879DA6A2017647600B72814 /* PBXTargetDependency */ = {
			isa = PBXTargetDependency;
			target = 1879DA4C2017647600B72814 /* Yueyue */;
			targetProxy = 1879DA692017647600B72814 /* PBXContainerItemProxy */;
		};
		1879DA752017647600B72814 /* PBXTargetDependency */ = {
			isa = PBXTargetDependency;
			target = 1879DA4C2017647600B72814 /* Yueyue */;
			targetProxy = 1879DA742017647600B72814 /* PBXContainerItemProxy */;
		};
/* End PBXTargetDependency section */

/* Begin PBXVariantGroup section */
		1879DA5E2017647600B72814 /* LaunchScreen.storyboard */ = {
			isa = PBXVariantGroup;
			children = (
				1879DA5F2017647600B72814 /* Base */,
			);
			name = LaunchScreen.storyboard;
			sourceTree = "<group>";
		};
/* End PBXVariantGroup section */

/* Begin XCBuildConfiguration section */
		1879DA7A2017647600B72814 /* Debug */ = {
			isa = XCBuildConfiguration;
			buildSettings = {
				ALWAYS_SEARCH_USER_PATHS = NO;
				CLANG_ANALYZER_NONNULL = YES;
				CLANG_ANALYZER_NUMBER_OBJECT_CONVERSION = YES_AGGRESSIVE;
				CLANG_CXX_LANGUAGE_STANDARD = "gnu++14";
				CLANG_CXX_LIBRARY = "libc++";
				CLANG_ENABLE_MODULES = YES;
				CLANG_ENABLE_OBJC_ARC = YES;
				CLANG_WARN_BLOCK_CAPTURE_AUTORELEASING = YES;
				CLANG_WARN_BOOL_CONVERSION = YES;
				CLANG_WARN_COMMA = YES;
				CLANG_WARN_CONSTANT_CONVERSION = YES;
				CLANG_WARN_DIRECT_OBJC_ISA_USAGE = YES_ERROR;
				CLANG_WARN_DOCUMENTATION_COMMENTS = YES;
				CLANG_WARN_EMPTY_BODY = YES;
				CLANG_WARN_ENUM_CONVERSION = YES;
				CLANG_WARN_INFINITE_RECURSION = YES;
				CLANG_WARN_INT_CONVERSION = YES;
				CLANG_WARN_NON_LITERAL_NULL_CONVERSION = YES;
				CLANG_WARN_OBJC_LITERAL_CONVERSION = YES;
				CLANG_WARN_OBJC_ROOT_CLASS = YES_ERROR;
				CLANG_WARN_RANGE_LOOP_ANALYSIS = YES;
				CLANG_WARN_STRICT_PROTOTYPES = YES;
				CLANG_WARN_SUSPICIOUS_MOVE = YES;
				CLANG_WARN_UNGUARDED_AVAILABILITY = YES_AGGRESSIVE;
				CLANG_WARN_UNREACHABLE_CODE = YES;
				CLANG_WARN__DUPLICATE_METHOD_MATCH = YES;
				CODE_SIGN_IDENTITY = "iPhone Developer";
				COPY_PHASE_STRIP = NO;
				DEBUG_INFORMATION_FORMAT = dwarf;
				ENABLE_STRICT_OBJC_MSGSEND = YES;
				ENABLE_TESTABILITY = YES;
				GCC_C_LANGUAGE_STANDARD = gnu11;
				GCC_DYNAMIC_NO_PIC = NO;
				GCC_NO_COMMON_BLOCKS = YES;
				GCC_OPTIMIZATION_LEVEL = 0;
				GCC_PREPROCESSOR_DEFINITIONS = (
					"DEBUG=1",
					"$(inherited)",
				);
				GCC_WARN_64_TO_32_BIT_CONVERSION = YES;
				GCC_WARN_ABOUT_RETURN_TYPE = YES_ERROR;
				GCC_WARN_UNDECLARED_SELECTOR = YES;
				GCC_WARN_UNINITIALIZED_AUTOS = YES_AGGRESSIVE;
				GCC_WARN_UNUSED_FUNCTION = YES;
				GCC_WARN_UNUSED_VARIABLE = YES;
				IPHONEOS_DEPLOYMENT_TARGET = 11.2;
				MTL_ENABLE_DEBUG_INFO = YES;
				ONLY_ACTIVE_ARCH = YES;
				SDKROOT = iphoneos;
			};
			name = Debug;
		};
		1879DA7B2017647600B72814 /* Release */ = {
			isa = XCBuildConfiguration;
			buildSettings = {
				ALWAYS_SEARCH_USER_PATHS = NO;
				CLANG_ANALYZER_NONNULL = YES;
				CLANG_ANALYZER_NUMBER_OBJECT_CONVERSION = YES_AGGRESSIVE;
				CLANG_CXX_LANGUAGE_STANDARD = "gnu++14";
				CLANG_CXX_LIBRARY = "libc++";
				CLANG_ENABLE_MODULES = YES;
				CLANG_ENABLE_OBJC_ARC = YES;
				CLANG_WARN_BLOCK_CAPTURE_AUTORELEASING = YES;
				CLANG_WARN_BOOL_CONVERSION = YES;
				CLANG_WARN_COMMA = YES;
				CLANG_WARN_CONSTANT_CONVERSION = YES;
				CLANG_WARN_DIRECT_OBJC_ISA_USAGE = YES_ERROR;
				CLANG_WARN_DOCUMENTATION_COMMENTS = YES;
				CLANG_WARN_EMPTY_BODY = YES;
				CLANG_WARN_ENUM_CONVERSION = YES;
				CLANG_WARN_INFINITE_RECURSION = YES;
				CLANG_WARN_INT_CONVERSION = YES;
				CLANG_WARN_NON_LITERAL_NULL_CONVERSION = YES;
				CLANG_WARN_OBJC_LITERAL_CONVERSION = YES;
				CLANG_WARN_OBJC_ROOT_CLASS = YES_ERROR;
				CLANG_WARN_RANGE_LOOP_ANALYSIS = YES;
				CLANG_WARN_STRICT_PROTOTYPES = YES;
				CLANG_WARN_SUSPICIOUS_MOVE = YES;
				CLANG_WARN_UNGUARDED_AVAILABILITY = YES_AGGRESSIVE;
				CLANG_WARN_UNREACHABLE_CODE = YES;
				CLANG_WARN__DUPLICATE_METHOD_MATCH = YES;
				CODE_SIGN_IDENTITY = "iPhone Developer";
				COPY_PHASE_STRIP = NO;
				DEBUG_INFORMATION_FORMAT = "dwarf-with-dsym";
				ENABLE_NS_ASSERTIONS = NO;
				ENABLE_STRICT_OBJC_MSGSEND = YES;
				GCC_C_LANGUAGE_STANDARD = gnu11;
				GCC_NO_COMMON_BLOCKS = YES;
				GCC_WARN_64_TO_32_BIT_CONVERSION = YES;
				GCC_WARN_ABOUT_RETURN_TYPE = YES_ERROR;
				GCC_WARN_UNDECLARED_SELECTOR = YES;
				GCC_WARN_UNINITIALIZED_AUTOS = YES_AGGRESSIVE;
				GCC_WARN_UNUSED_FUNCTION = YES;
				GCC_WARN_UNUSED_VARIABLE = YES;
				IPHONEOS_DEPLOYMENT_TARGET = 11.2;
				MTL_ENABLE_DEBUG_INFO = NO;
				SDKROOT = iphoneos;
				VALIDATE_PRODUCT = YES;
			};
			name = Release;
		};
		1879DA7D2017647600B72814 /* Debug */ = {
			isa = XCBuildConfiguration;
			baseConfigurationReference = 2E37F3295F241233DCB94F0D /* Pods-Yueyue.debug.xcconfig */;
			buildSettings = {
				ASSETCATALOG_COMPILER_APPICON_NAME = AppIcon;
				CODE_SIGN_STYLE = Automatic;
				DEVELOPMENT_TEAM = NQLPCD425X;
				INFOPLIST_FILE = Yueyue/Info.plist;
				LD_RUNPATH_SEARCH_PATHS = "$(inherited) @executable_path/Frameworks";
				PRODUCT_BUNDLE_IDENTIFIER = cn.name.Yueyue;
				PRODUCT_NAME = "$(TARGET_NAME)";
				TARGETED_DEVICE_FAMILY = "1,2";
			};
			name = Debug;
		};
		1879DA7E2017647600B72814 /* Release */ = {
			isa = XCBuildConfiguration;
			baseConfigurationReference = CA2A1DA895096E4B18BA5E6F /* Pods-Yueyue.release.xcconfig */;
			buildSettings = {
				ASSETCATALOG_COMPILER_APPICON_NAME = AppIcon;
				CODE_SIGN_STYLE = Automatic;
				DEVELOPMENT_TEAM = NQLPCD425X;
				INFOPLIST_FILE = Yueyue/Info.plist;
				LD_RUNPATH_SEARCH_PATHS = "$(inherited) @executable_path/Frameworks";
				PRODUCT_BUNDLE_IDENTIFIER = cn.name.Yueyue;
				PRODUCT_NAME = "$(TARGET_NAME)";
				TARGETED_DEVICE_FAMILY = "1,2";
			};
			name = Release;
		};
		1879DA802017647600B72814 /* Debug */ = {
			isa = XCBuildConfiguration;
			buildSettings = {
				BUNDLE_LOADER = "$(TEST_HOST)";
				CODE_SIGN_STYLE = Automatic;
				DEVELOPMENT_TEAM = NQLPCD425X;
				INFOPLIST_FILE = YueyueTests/Info.plist;
				LD_RUNPATH_SEARCH_PATHS = "$(inherited) @executable_path/Frameworks @loader_path/Frameworks";
				PRODUCT_BUNDLE_IDENTIFIER = cn.name.YueyueTests;
				PRODUCT_NAME = "$(TARGET_NAME)";
				TARGETED_DEVICE_FAMILY = "1,2";
				TEST_HOST = "$(BUILT_PRODUCTS_DIR)/Yueyue.app/Yueyue";
			};
			name = Debug;
		};
		1879DA812017647600B72814 /* Release */ = {
			isa = XCBuildConfiguration;
			buildSettings = {
				BUNDLE_LOADER = "$(TEST_HOST)";
				CODE_SIGN_STYLE = Automatic;
				DEVELOPMENT_TEAM = NQLPCD425X;
				INFOPLIST_FILE = YueyueTests/Info.plist;
				LD_RUNPATH_SEARCH_PATHS = "$(inherited) @executable_path/Frameworks @loader_path/Frameworks";
				PRODUCT_BUNDLE_IDENTIFIER = cn.name.YueyueTests;
				PRODUCT_NAME = "$(TARGET_NAME)";
				TARGETED_DEVICE_FAMILY = "1,2";
				TEST_HOST = "$(BUILT_PRODUCTS_DIR)/Yueyue.app/Yueyue";
			};
			name = Release;
		};
		1879DA832017647600B72814 /* Debug */ = {
			isa = XCBuildConfiguration;
			buildSettings = {
				CODE_SIGN_STYLE = Automatic;
				DEVELOPMENT_TEAM = NQLPCD425X;
				INFOPLIST_FILE = YueyueUITests/Info.plist;
				LD_RUNPATH_SEARCH_PATHS = "$(inherited) @executable_path/Frameworks @loader_path/Frameworks";
				PRODUCT_BUNDLE_IDENTIFIER = cn.name.YueyueUITests;
				PRODUCT_NAME = "$(TARGET_NAME)";
				TARGETED_DEVICE_FAMILY = "1,2";
				TEST_TARGET_NAME = Yueyue;
			};
			name = Debug;
		};
		1879DA842017647600B72814 /* Release */ = {
			isa = XCBuildConfiguration;
			buildSettings = {
				CODE_SIGN_STYLE = Automatic;
				DEVELOPMENT_TEAM = NQLPCD425X;
				INFOPLIST_FILE = YueyueUITests/Info.plist;
				LD_RUNPATH_SEARCH_PATHS = "$(inherited) @executable_path/Frameworks @loader_path/Frameworks";
				PRODUCT_BUNDLE_IDENTIFIER = cn.name.YueyueUITests;
				PRODUCT_NAME = "$(TARGET_NAME)";
				TARGETED_DEVICE_FAMILY = "1,2";
				TEST_TARGET_NAME = Yueyue;
			};
			name = Release;
		};
/* End XCBuildConfiguration section */

/* Begin XCConfigurationList section */
		1879DA482017647600B72814 /* Build configuration list for PBXProject "Yueyue" */ = {
			isa = XCConfigurationList;
			buildConfigurations = (
				1879DA7A2017647600B72814 /* Debug */,
				1879DA7B2017647600B72814 /* Release */,
			);
			defaultConfigurationIsVisible = 0;
			defaultConfigurationName = Release;
		};
		1879DA7C2017647600B72814 /* Build configuration list for PBXNativeTarget "Yueyue" */ = {
			isa = XCConfigurationList;
			buildConfigurations = (
				1879DA7D2017647600B72814 /* Debug */,
				1879DA7E2017647600B72814 /* Release */,
			);
			defaultConfigurationIsVisible = 0;
			defaultConfigurationName = Release;
		};
		1879DA7F2017647600B72814 /* Build configuration list for PBXNativeTarget "YueyueTests" */ = {
			isa = XCConfigurationList;
			buildConfigurations = (
				1879DA802017647600B72814 /* Debug */,
				1879DA812017647600B72814 /* Release */,
			);
			defaultConfigurationIsVisible = 0;
			defaultConfigurationName = Release;
		};
		1879DA822017647600B72814 /* Build configuration list for PBXNativeTarget "YueyueUITests" */ = {
			isa = XCConfigurationList;
			buildConfigurations = (
				1879DA832017647600B72814 /* Debug */,
				1879DA842017647600B72814 /* Release */,
			);
			defaultConfigurationIsVisible = 0;
			defaultConfigurationName = Release;
		};
/* End XCConfigurationList section */

/* Begin XCVersionGroup section */
		1879DA592017647600B72814 /* Yueyue.xcdatamodeld */ = {
			isa = XCVersionGroup;
			children = (
				1879DA5A2017647600B72814 /* Yueyue.xcdatamodel */,
			);
			currentVersion = 1879DA5A2017647600B72814 /* Yueyue.xcdatamodel */;
			path = Yueyue.xcdatamodeld;
			sourceTree = "<group>";
			versionGroupType = wrapper.xcdatamodel;
		};
/* End XCVersionGroup section */
	};
	rootObject = 1879DA452017647600B72814 /* Project object */;
}
